// !$*UTF8*$!
{
	archiveVersion = 1;
	classes = {
	};
	objectVersion = 46;
	objects = {

/* Begin PBXBuildFile section */
		1AE670E51B4965D700D98BDA /* main.m in Sources */ = {isa = PBXBuildFile; fileRef = 1AE670E41B4965D700D98BDA /* main.m */; };
		1AE670E81B4965D700D98BDA /* AppDelegate.m in Sources */ = {isa = PBXBuildFile; fileRef = 1AE670E71B4965D700D98BDA /* AppDelegate.m */; };
		1AE670EB1B4965D700D98BDA /* ViewController.m in Sources */ = {isa = PBXBuildFile; fileRef = 1AE670EA1B4965D700D98BDA /* ViewController.m */; };
		1AE670EE1B4965D700D98BDA /* Main.storyboard in Resources */ = {isa = PBXBuildFile; fileRef = 1AE670EC1B4965D700D98BDA /* Main.storyboard */; };
		1AE670F01B4965D700D98BDA /* Images.xcassets in Resources */ = {isa = PBXBuildFile; fileRef = 1AE670EF1B4965D700D98BDA /* Images.xcassets */; };
		1AE670F31B4965D700D98BDA /* LaunchScreen.xib in Resources */ = {isa = PBXBuildFile; fileRef = 1AE670F11B4965D700D98BDA /* LaunchScreen.xib */; };
		1AE670FF1B4965D700D98BDA /* M2QuickKitScrollGragonTests.m in Sources */ = {isa = PBXBuildFile; fileRef = 1AE670FE1B4965D700D98BDA /* M2QuickKitScrollGragonTests.m */; };
/* End PBXBuildFile section */

/* Begin PBXContainerItemProxy section */
		1AE670F91B4965D700D98BDA /* PBXContainerItemProxy */ = {
			isa = PBXContainerItemProxy;
			containerPortal = 1AE670D71B4965D700D98BDA /* Project object */;
			proxyType = 1;
			remoteGlobalIDString = 1AE670DE1B4965D700D98BDA;
			remoteInfo = M2QuickKitScrollGragon;
		};
/* End PBXContainerItemProxy section */

/* Begin PBXFileReference section */
		1AE670DF1B4965D700D98BDA /* M2QuickKitScrollGragon.app */ = {isa = PBXFileReference; explicitFileType = wrapper.application; includeInIndex = 0; path = M2QuickKitScrollGragon.app; sourceTree = BUILT_PRODUCTS_DIR; };
		1AE670E31B4965D700D98BDA /* Info.plist */ = {isa = PBXFileReference; lastKnownFileType = text.plist.xml; path = Info.plist; sourceTree = "<group>"; };
		1AE670E41B4965D700D98BDA /* main.m */ = {isa = PBXFileReference; lastKnownFileType = sourcecode.c.objc; path = main.m; sourceTree = "<group>"; };
		1AE670E61B4965D700D98BDA /* AppDelegate.h */ = {isa = PBXFileReference; lastKnownFileType = sourcecode.c.h; path = AppDelegate.h; sourceTree = "<group>"; };
		1AE670E71B4965D700D98BDA /* AppDelegate.m */ = {isa = PBXFileReference; lastKnownFileType = sourcecode.c.objc; path = AppDelegate.m; sourceTree = "<group>"; };
		1AE670E91B4965D700D98BDA /* ViewController.h */ = {isa = PBXFileReference; lastKnownFileType = sourcecode.c.h; path = ViewController.h; sourceTree = "<group>"; };
		1AE670EA1B4965D700D98BDA /* ViewController.m */ = {isa = PBXFileReference; lastKnownFileType = sourcecode.c.objc; path = ViewController.m; sourceTree = "<group>"; };
		1AE670ED1B4965D700D98BDA /* Base */ = {isa = PBXFileReference; lastKnownFileType = file.storyboard; name = Base; path = Base.lproj/Main.storyboard; sourceTree = "<group>"; };
		1AE670EF1B4965D700D98BDA /* Images.xcassets */ = {isa = PBXFileReference; lastKnownFileType = folder.assetcatalog; path = Images.xcassets; sourceTree = "<group>"; };
		1AE670F21B4965D700D98BDA /* Base */ = {isa = PBXFileReference; lastKnownFileType = file.xib; name = Base; path = Base.lproj/LaunchScreen.xib; sourceTree = "<group>"; };
		1AE670F81B4965D700D98BDA /* M2QuickKitScrollGragonTests.xctest */ = {isa = PBXFileReference; explicitFileType = wrapper.cfbundle; includeInIndex = 0; path = M2QuickKitScrollGragonTests.xctest; sourceTree = BUILT_PRODUCTS_DIR; };
		1AE670FD1B4965D700D98BDA /* Info.plist */ = {isa = PBXFileReference; lastKnownFileType = text.plist.xml; path = Info.plist; sourceTree = "<group>"; };
		1AE670FE1B4965D700D98BDA /* M2QuickKitScrollGragonTests.m */ = {isa = PBXFileReference; lastKnownFileType = sourcecode.c.objc; path = M2QuickKitScrollGragonTests.m; sourceTree = "<group>"; };
/* End PBXFileReference section */

/* Begin PBXFrameworksBuildPhase section */
		1AE670DC1B4965D700D98BDA /* Frameworks */ = {
			isa = PBXFrameworksBuildPhase;
			buildActionMask = 2147483647;
			files = (
			);
			runOnlyForDeploymentPostprocessing = 0;
		};
		1AE670F51B4965D700D98BDA /* Frameworks */ = {
			isa = PBXFrameworksBuildPhase;
			buildActionMask = 2147483647;
			files = (
			);
			runOnlyForDeploymentPostprocessing = 0;
		};
/* End PBXFrameworksBuildPhase section */

/* Begin PBXGroup section */
		1AE670D61B4965D700D98BDA = {
			isa = PBXGroup;
			children = (
				1AE670E11B4965D700D98BDA /* M2QuickKitScrollGragon */,
				1AE670FB1B4965D700D98BDA /* M2QuickKitScrollGragonTests */,
				1AE670E01B4965D700D98BDA /* Products */,
			);
			sourceTree = "<group>";
		};
		1AE670E01B4965D700D98BDA /* Products */ = {
			isa = PBXGroup;
			children = (
				1AE670DF1B4965D700D98BDA /* M2QuickKitScrollGragon.app */,
				1AE670F81B4965D700D98BDA /* M2QuickKitScrollGragonTests.xctest */,
			);
			name = Products;
			sourceTree = "<group>";
		};
		1AE670E11B4965D700D98BDA /* M2QuickKitScrollGragon */ = {
			isa = PBXGroup;
			children = (
				1AE670E61B4965D700D98BDA /* AppDelegate.h */,
				1AE670E71B4965D700D98BDA /* AppDelegate.m */,
				1AE670E91B4965D700D98BDA /* ViewController.h */,
				1AE670EA1B4965D700D98BDA /* ViewController.m */,
				1AE670EC1B4965D700D98BDA /* Main.storyboard */,
				1AE670EF1B4965D700D98BDA /* Images.xcassets */,
				1AE670F11B4965D700D98BDA /* LaunchScreen.xib */,
				1AE670E21B4965D700D98BDA /* Supporting Files */,
			);
			path = M2QuickKitScrollGragon;
			sourceTree = "<group>";
		};
		1AE670E21B4965D700D98BDA /* Supporting Files */ = {
			isa = PBXGroup;
			children = (
				1AE670E31B4965D700D98BDA /* Info.plist */,
				1AE670E41B4965D700D98BDA /* main.m */,
			);
			name = "Supporting Files";
			sourceTree = "<group>";
		};
		1AE670FB1B4965D700D98BDA /* M2QuickKitScrollGragonTests */ = {
			isa = PBXGroup;
			children = (
				1AE670FE1B4965D700D98BDA /* M2QuickKitScrollGragonTests.m */,
				1AE670FC1B4965D700D98BDA /* Supporting Files */,
			);
			path = M2QuickKitScrollGragonTests;
			sourceTree = "<group>";
		};
		1AE670FC1B4965D700D98BDA /* Supporting Files */ = {
			isa = PBXGroup;
			children = (
				1AE670FD1B4965D700D98BDA /* Info.plist */,
			);
			name = "Supporting Files";
			sourceTree = "<group>";
		};
/* End PBXGroup section */

/* Begin PBXNativeTarget section */
		1AE670DE1B4965D700D98BDA /* M2QuickKitScrollGragon */ = {
			isa = PBXNativeTarget;
			buildConfigurationList = 1AE671021B4965D700D98BDA /* Build configuration list for PBXNativeTarget "M2QuickKitScrollGragon" */;
			buildPhases = (
				1AE670DB1B4965D700D98BDA /* Sources */,
				1AE670DC1B4965D700D98BDA /* Frameworks */,
				1AE670DD1B4965D700D98BDA /* Resources */,
			);
			buildRules = (
			);
			dependencies = (
			);
			name = M2QuickKitScrollGragon;
			productName = M2QuickKitScrollGragon;
			productReference = 1AE670DF1B4965D700D98BDA /* M2QuickKitScrollGragon.app */;
			productType = "com.apple.product-type.application";
		};
		1AE670F71B4965D700D98BDA /* M2QuickKitScrollGragonTests */ = {
			isa = PBXNativeTarget;
			buildConfigurationList = 1AE671051B4965D700D98BDA /* Build configuration list for PBXNativeTarget "M2QuickKitScrollGragonTests" */;
			buildPhases = (
				1AE670F41B4965D700D98BDA /* Sources */,
				1AE670F51B4965D700D98BDA /* Frameworks */,
				1AE670F61B4965D700D98BDA /* Resources */,
			);
			buildRules = (
			);
			dependencies = (
				1AE670FA1B4965D700D98BDA /* PBXTargetDependency */,
			);
			name = M2QuickKitScrollGragonTests;
			productName = M2QuickKitScrollGragonTests;
			productReference = 1AE670F81B4965D700D98BDA /* M2QuickKitScrollGragonTests.xctest */;
			productType = "com.apple.product-type.bundle.unit-test";
		};
/* End PBXNativeTarget section */

/* Begin PBXProject section */
		1AE670D71B4965D700D98BDA /* Project object */ = {
			isa = PBXProject;
			attributes = {
				LastUpgradeCheck = 0610;
				ORGANIZATIONNAME = chenms.m2;
				TargetAttributes = {
					1AE670DE1B4965D700D98BDA = {
						CreatedOnToolsVersion = 6.1;
					};
					1AE670F71B4965D700D98BDA = {
						CreatedOnToolsVersion = 6.1;
						TestTargetID = 1AE670DE1B4965D700D98BDA;
					};
				};
			};
			buildConfigurationList = 1AE670DA1B4965D700D98BDA /* Build configuration list for PBXProject "M2QuickKitScrollGragon" */;
			compatibilityVersion = "Xcode 3.2";
			developmentRegion = English;
			hasScannedForEncodings = 0;
			knownRegions = (
				en,
				Base,
			);
			mainGroup = 1AE670D61B4965D700D98BDA;
			productRefGroup = 1AE670E01B4965D700D98BDA /* Products */;
			projectDirPath = "";
			projectRoot = "";
			targets = (
				1AE670DE1B4965D700D98BDA /* M2QuickKitScrollGragon */,
				1AE670F71B4965D700D98BDA /* M2QuickKitScrollGragonTests */,
			);
		};
/* End PBXProject section */

/* Begin PBXResourcesBuildPhase section */
		1AE670DD1B4965D700D98BDA /* Resources */ = {
			isa = PBXResourcesBuildPhase;
			buildActionMask = 2147483647;
			files = (
				1AE670EE1B4965D700D98BDA /* Main.storyboard in Resources */,
				1AE670F31B4965D700D98BDA /* LaunchScreen.xib in Resources */,
				1AE670F01B4965D700D98BDA /* Images.xcassets in Resources */,
			);
			runOnlyForDeploymentPostprocessing = 0;
		};
		1AE670F61B4965D700D98BDA /* Resources */ = {
			isa = PBXResourcesBuildPhase;
			buildActionMask = 2147483647;
			files = (
			);
			runOnlyForDeploymentPostprocessing = 0;
		};
/* End PBXResourcesBuildPhase section */

/* Begin PBXSourcesBuildPhase section */
		1AE670DB1B4965D700D98BDA /* Sources */ = {
			isa = PBXSourcesBuildPhase;
			buildActionMask = 2147483647;
			files = (
				1AE670EB1B4965D700D98BDA /* ViewController.m in Sources */,
				1AE670E81B4965D700D98BDA /* AppDelegate.m in Sources */,
				1AE670E51B4965D700D98BDA /* main.m in Sources */,
			);
			runOnlyForDeploymentPostprocessing = 0;
		};
		1AE670F41B4965D700D98BDA /* Sources */ = {
			isa = PBXSourcesBuildPhase;
			buildActionMask = 2147483647;
			files = (
				1AE670FF1B4965D700D98BDA /* M2QuickKitScrollGragonTests.m in Sources */,
			);
			runOnlyForDeploymentPostprocessing = 0;
		};
/* End PBXSourcesBuildPhase section */

/* Begin PBXTargetDependency section */
		1AE670FA1B4965D700D98BDA /* PBXTargetDependency */ = {
			isa = PBXTargetDependency;
			target = 1AE670DE1B4965D700D98BDA /* M2QuickKitScrollGragon */;
			targetProxy = 1AE670F91B4965D700D98BDA /* PBXContainerItemProxy */;
		};
/* End PBXTargetDependency section */

/* Begin PBXVariantGroup section */
		1AE670EC1B4965D700D98BDA /* Main.storyboard */ = {
			isa = PBXVariantGroup;
			children = (
				1AE670ED1B4965D700D98BDA /* Base */,
			);
			name = Main.storyboard;
			sourceTree = "<group>";
		};
		1AE670F11B4965D700D98BDA /* LaunchScreen.xib */ = {
			isa = PBXVariantGroup;
			children = (
				1AE670F21B4965D700D98BDA /* Base */,
			);
			name = LaunchScreen.xib;
			sourceTree = "<group>";
		};
/* End PBXVariantGroup section */

/* Begin XCBuildConfiguration section */
		1AE671001B4965D700D98BDA /* Debug */ = {
			isa = XCBuildConfiguration;
			buildSettings = {
				ALWAYS_SEARCH_USER_PATHS = NO;
				CLANG_CXX_LANGUAGE_STANDARD = "gnu++0x";
				CLANG_CXX_LIBRARY = "libc++";
				CLANG_ENABLE_MODULES = YES;
				CLANG_ENABLE_OBJC_ARC = YES;
				CLANG_WARN_BOOL_CONVERSION = YES;
				CLANG_WARN_CONSTANT_CONVERSION = YES;
				CLANG_WARN_DIRECT_OBJC_ISA_USAGE = YES_ERROR;
				CLANG_WARN_EMPTY_BODY = YES;
				CLANG_WARN_ENUM_CONVERSION = YES;
				CLANG_WARN_INT_CONVERSION = YES;
				CLANG_WARN_OBJC_ROOT_CLASS = YES_ERROR;
				CLANG_WARN_UNREACHABLE_CODE = YES;
				CLANG_WARN__DUPLICATE_METHOD_MATCH = YES;
				"CODE_SIGN_IDENTITY[sdk=iphoneos*]" = "iPhone Developer";
				COPY_PHASE_STRIP = NO;
				ENABLE_STRICT_OBJC_MSGSEND = YES;
				GCC_C_LANGUAGE_STANDARD = gnu99;
				GCC_DYNAMIC_NO_PIC = NO;
				GCC_OPTIMIZATION_LEVEL = 0;
				GCC_PREPROCESSOR_DEFINITIONS = (
					"DEBUG=1",
					"$(inherited)",
				);
				GCC_SYMBOLS_PRIVATE_EXTERN = NO;
				GCC_WARN_64_TO_32_BIT_CONVERSION = YES;
				GCC_WARN_ABOUT_RETURN_TYPE = YES_ERROR;
				GCC_WARN_UNDECLARED_SELECTOR = YES;
				GCC_WARN_UNINITIALIZED_AUTOS = YES_AGGRESSIVE;
				GCC_WARN_UNUSED_FUNCTION = YES;
				GCC_WARN_UNUSED_VARIABLE = YES;
				IPHONEOS_DEPLOYMENT_TARGET = 8.1;
				MTL_ENABLE_DEBUG_INFO = YES;
				ONLY_ACTIVE_ARCH = YES;
				SDKROOT = iphoneos;
				TARGETED_DEVICE_FAMILY = "1,2";
			};
			name = Debug;
		};
		1AE671011B4965D700D98BDA /* Release */ = {
			isa = XCBuildConfiguration;
			buildSettings = {
				ALWAYS_SEARCH_USER_PATHS = NO;
				CLANG_CXX_LANGUAGE_STANDARD = "gnu++0x";
				CLANG_CXX_LIBRARY = "libc++";
				CLANG_ENABLE_MODULES = YES;
				CLANG_ENABLE_OBJC_ARC = YES;
				CLANG_WARN_BOOL_CONVERSION = YES;
				CLANG_WARN_CONSTANT_CONVERSION = YES;
				CLANG_WARN_DIRECT_OBJC_ISA_USAGE = YES_ERROR;
				CLANG_WARN_EMPTY_BODY = YES;
				CLANG_WARN_ENUM_CONVERSION = YES;
				CLANG_WARN_INT_CONVERSION = YES;
				CLANG_WARN_OBJC_ROOT_CLASS = YES_ERROR;
				CLANG_WARN_UNREACHABLE_CODE = YES;
				CLANG_WARN__DUPLICATE_METHOD_MATCH = YES;
				"CODE_SIGN_IDENTITY[sdk=iphoneos*]" = "iPhone Developer";
				COPY_PHASE_STRIP = YES;
				ENABLE_NS_ASSERTIONS = NO;
				ENABLE_STRICT_OBJC_MSGSEND = YES;
				GCC_C_LANGUAGE_STANDARD = gnu99;
				GCC_WARN_64_TO_32_BIT_CONVERSION = YES;
				GCC_WARN_ABOUT_RETURN_TYPE = YES_ERROR;
				GCC_WARN_UNDECLARED_SELECTOR = YES;
				GCC_WARN_UNINITIALIZED_AUTOS = YES_AGGRESSIVE;
				GCC_WARN_UNUSED_FUNCTION = YES;
				GCC_WARN_UNUSED_VARIABLE = YES;
				IPHONEOS_DEPLOYMENT_TARGET = 8.1;
				MTL_ENABLE_DEBUG_INFO = NO;
				SDKROOT = iphoneos;
				TARGETED_DEVICE_FAMILY = "1,2";
				VALIDATE_PRODUCT = YES;
			};
			name = Release;
		};
		1AE671031B4965D700D98BDA /* Debug */ = {
			isa = XCBuildConfiguration;
			buildSettings = {
				ASSETCATALOG_COMPILER_APPICON_NAME = AppIcon;
				INFOPLIST_FILE = M2QuickKitScrollGragon/Info.plist;
				LD_RUNPATH_SEARCH_PATHS = "$(inherited) @executable_path/Frameworks";
				PRODUCT_NAME = "$(TARGET_NAME)";
			};
			name = Debug;
		};
		1AE671041B4965D700D98BDA /* Release */ = {
			isa = XCBuildConfiguration;
			buildSettings = {
				ASSETCATALOG_COMPILER_APPICON_NAME = AppIcon;
				INFOPLIST_FILE = M2QuickKitScrollGragon/Info.plist;
				LD_RUNPATH_SEARCH_PATHS = "$(inherited) @executable_path/Frameworks";
				PRODUCT_NAME = "$(TARGET_NAME)";
			};
			name = Release;
		};
		1AE671061B4965D700D98BDA /* Debug */ = {
			isa = XCBuildConfiguration;
			buildSettings = {
				BUNDLE_LOADER = "$(TEST_HOST)";
				FRAMEWORK_SEARCH_PATHS = (
					"$(SDKROOT)/Developer/Library/Frameworks",
					"$(inherited)",
				);
				GCC_PREPROCESSOR_DEFINITIONS = (
					"DEBUG=1",
					"$(inherited)",
				);
				INFOPLIST_FILE = M2QuickKitScrollGragonTests/Info.plist;
				LD_RUNPATH_SEARCH_PATHS = "$(inherited) @executable_path/Frameworks @loader_path/Frameworks";
				PRODUCT_NAME = "$(TARGET_NAME)";
				TEST_HOST = "$(BUILT_PRODUCTS_DIR)/M2QuickKitScrollGragon.app/M2QuickKitScrollGragon";
			};
			name = Debug;
		};
		1AE671071B4965D700D98BDA /* Release */ = {
			isa = XCBuildConfiguration;
			buildSettings = {
				BUNDLE_LOADER = "$(TEST_HOST)";
				FRAMEWORK_SEARCH_PATHS = (
					"$(SDKROOT)/Developer/Library/Frameworks",
					"$(inherited)",
				);
				INFOPLIST_FILE = M2QuickKitScrollGragonTests/Info.plist;
				LD_RUNPATH_SEARCH_PATHS = "$(inherited) @executable_path/Frameworks @loader_path/Frameworks";
				PRODUCT_NAME = "$(TARGET_NAME)";
				TEST_HOST = "$(BUILT_PRODUCTS_DIR)/M2QuickKitScrollGragon.app/M2QuickKitScrollGragon";
			};
			name = Release;
		};
/* End XCBuildConfiguration section */

/* Begin XCConfigurationList section */
		1AE670DA1B4965D700D98BDA /* Build configuration list for PBXProject "M2QuickKitScrollGragon" */ = {
			isa = XCConfigurationList;
			buildConfigurations = (
				1AE671001B4965D700D98BDA /* Debug */,
				1AE671011B4965D700D98BDA /* Release */,
			);
			defaultConfigurationIsVisible = 0;
			defaultConfigurationName = Release;
		};
		1AE671021B4965D700D98BDA /* Build configuration list for PBXNativeTarget "M2QuickKitScrollGragon" */ = {
			isa = XCConfigurationList;
			buildConfigurations = (
				1AE671031B4965D700D98BDA /* Debug */,
				1AE671041B4965D700D98BDA /* Release */,
			);
			defaultConfigurationIsVisible = 0;
		};
		1AE671051B4965D700D98BDA /* Build configuration list for PBXNativeTarget "M2QuickKitScrollGragonTests" */ = {
			isa = XCConfigurationList;
			buildConfigurations = (
				1AE671061B4965D700D98BDA /* Debug */,
				1AE671071B4965D700D98BDA /* Release */,
			);
			defaultConfigurationIsVisible = 0;
		};
/* End XCConfigurationList section */
	};
	rootObject = 1AE670D71B4965D700D98BDA /* Project object */;
}
